// !$*UTF8*$!
{
	archiveVersion = 1;
	classes = {
	};
	objectVersion = 56;
	objects = {

/* Begin PBXBuildFile section */
		C84FF1352BF77663009695C3 /* AppDelegate.swift in Sources */ = {isa = PBXBuildFile; fileRef = C84FF1342BF77663009695C3 /* AppDelegate.swift */; };
		C84FF1372BF77663009695C3 /* SceneDelegate.swift in Sources */ = {isa = PBXBuildFile; fileRef = C84FF1362BF77663009695C3 /* SceneDelegate.swift */; };
		C84FF1392BF77663009695C3 /* ViewController.swift in Sources */ = {isa = PBXBuildFile; fileRef = C84FF1382BF77663009695C3 /* ViewController.swift */; };
		C84FF13C2BF77663009695C3 /* Main.storyboard in Resources */ = {isa = PBXBuildFile; fileRef = C84FF13A2BF77663009695C3 /* Main.storyboard */; };
		C84FF13E2BF77665009695C3 /* Assets.xcassets in Resources */ = {isa = PBXBuildFile; fileRef = C84FF13D2BF77665009695C3 /* Assets.xcassets */; };
		C84FF1412BF77665009695C3 /* LaunchScreen.storyboard in Resources */ = {isa = PBXBuildFile; fileRef = C84FF13F2BF77665009695C3 /* LaunchScreen.storyboard */; };
		C8A2FFBE2C24462500EA47F3 /* ViewControllerProtocolBasic.swift in Sources */ = {isa = PBXBuildFile; fileRef = C8A2FFBD2C24462500EA47F3 /* ViewControllerProtocolBasic.swift */; };
		C8A2FFC02C2449C600EA47F3 /* protocolBasic.swift in Sources */ = {isa = PBXBuildFile; fileRef = C8A2FFBF2C2449C600EA47F3 /* protocolBasic.swift */; };
		C8A2FFC22C2452B800EA47F3 /* listObject.swift in Sources */ = {isa = PBXBuildFile; fileRef = C8A2FFC12C2452B800EA47F3 /* listObject.swift */; };
		C8A2FFC52C247DC200EA47F3 /* lifeApp.swift in Sources */ = {isa = PBXBuildFile; fileRef = C8A2FFC42C247DC200EA47F3 /* lifeApp.swift */; };
		C8A322EB2C12149F00CE3D28 /* ViewControllerA.swift in Sources */ = {isa = PBXBuildFile; fileRef = C8A322EA2C12149F00CE3D28 /* ViewControllerA.swift */; };
		C8A322ED2C1214AC00CE3D28 /* ViewControllerB.swift in Sources */ = {isa = PBXBuildFile; fileRef = C8A322EC2C1214AC00CE3D28 /* ViewControllerB.swift */; };
		C8A322EF2C13282C00CE3D28 /* ViewControllerC.swift in Sources */ = {isa = PBXBuildFile; fileRef = C8A322EE2C13282C00CE3D28 /* ViewControllerC.swift */; };
		C8A322F12C1329DF00CE3D28 /* ViewControllerDelegate.swift in Sources */ = {isa = PBXBuildFile; fileRef = C8A322F02C1329DF00CE3D28 /* ViewControllerDelegate.swift */; };
		C8A322F32C171D0900CE3D28 /* File.swift in Sources */ = {isa = PBXBuildFile; fileRef = C8A322F22C171D0900CE3D28 /* File.swift */; };
		C8A322F62C1764E300CE3D28 /* AnimatedButton.swift in Sources */ = {isa = PBXBuildFile; fileRef = C8A322F52C1764E300CE3D28 /* AnimatedButton.swift */; };
		C8A322F82C1764F100CE3D28 /* AnimatedBackgroundView.swift in Sources */ = {isa = PBXBuildFile; fileRef = C8A322F72C1764F100CE3D28 /* AnimatedBackgroundView.swift */; };
/* End PBXBuildFile section */

/* Begin PBXFileReference section */
		C84FF1312BF77663009695C3 /* swiftFunctionsDemo.app */ = {isa = PBXFileReference; explicitFileType = wrapper.application; includeInIndex = 0; path = swiftFunctionsDemo.app; sourceTree = BUILT_PRODUCTS_DIR; };
		C84FF1342BF77663009695C3 /* AppDelegate.swift */ = {isa = PBXFileReference; lastKnownFileType = sourcecode.swift; path = AppDelegate.swift; sourceTree = "<group>"; };
		C84FF1362BF77663009695C3 /* SceneDelegate.swift */ = {isa = PBXFileReference; lastKnownFileType = sourcecode.swift; path = SceneDelegate.swift; sourceTree = "<group>"; };
		C84FF1382BF77663009695C3 /* ViewController.swift */ = {isa = PBXFileReference; lastKnownFileType = sourcecode.swift; name = ViewController.swift; path = ../ViewController.swift; sourceTree = "<group>"; };
		C84FF13B2BF77663009695C3 /* Base */ = {isa = PBXFileReference; lastKnownFileType = file.storyboard; name = Base; path = Base.lproj/Main.storyboard; sourceTree = "<group>"; };
		C84FF13D2BF77665009695C3 /* Assets.xcassets */ = {isa = PBXFileReference; lastKnownFileType = folder.assetcatalog; path = Assets.xcassets; sourceTree = "<group>"; };
		C84FF1402BF77665009695C3 /* Base */ = {isa = PBXFileReference; lastKnownFileType = file.storyboard; name = Base; path = Base.lproj/LaunchScreen.storyboard; sourceTree = "<group>"; };
		C84FF1422BF77665009695C3 /* Info.plist */ = {isa = PBXFileReference; lastKnownFileType = text.plist.xml; path = Info.plist; sourceTree = "<group>"; };
		C8A2FFBD2C24462500EA47F3 /* ViewControllerProtocolBasic.swift */ = {isa = PBXFileReference; lastKnownFileType = sourcecode.swift; path = ViewControllerProtocolBasic.swift; sourceTree = "<group>"; };
		C8A2FFBF2C2449C600EA47F3 /* protocolBasic.swift */ = {isa = PBXFileReference; lastKnownFileType = sourcecode.swift; path = protocolBasic.swift; sourceTree = "<group>"; };
		C8A2FFC12C2452B800EA47F3 /* listObject.swift */ = {isa = PBXFileReference; lastKnownFileType = sourcecode.swift; path = listObject.swift; sourceTree = "<group>"; };
		C8A2FFC42C247DC200EA47F3 /* lifeApp.swift */ = {isa = PBXFileReference; lastKnownFileType = sourcecode.swift; path = lifeApp.swift; sourceTree = "<group>"; };
		C8A322EA2C12149F00CE3D28 /* ViewControllerA.swift */ = {isa = PBXFileReference; lastKnownFileType = sourcecode.swift; path = ViewControllerA.swift; sourceTree = "<group>"; };
		C8A322EC2C1214AC00CE3D28 /* ViewControllerB.swift */ = {isa = PBXFileReference; lastKnownFileType = sourcecode.swift; path = ViewControllerB.swift; sourceTree = "<group>"; };
		C8A322EE2C13282C00CE3D28 /* ViewControllerC.swift */ = {isa = PBXFileReference; lastKnownFileType = sourcecode.swift; path = ViewControllerC.swift; sourceTree = "<group>"; };
		C8A322F02C1329DF00CE3D28 /* ViewControllerDelegate.swift */ = {isa = PBXFileReference; lastKnownFileType = sourcecode.swift; path = ViewControllerDelegate.swift; sourceTree = "<group>"; };
		C8A322F22C171D0900CE3D28 /* File.swift */ = {isa = PBXFileReference; lastKnownFileType = sourcecode.swift; path = File.swift; sourceTree = "<group>"; };
		C8A322F52C1764E300CE3D28 /* AnimatedButton.swift */ = {isa = PBXFileReference; lastKnownFileType = sourcecode.swift; path = AnimatedButton.swift; sourceTree = "<group>"; };
		C8A322F72C1764F100CE3D28 /* AnimatedBackgroundView.swift */ = {isa = PBXFileReference; lastKnownFileType = sourcecode.swift; path = AnimatedBackgroundView.swift; sourceTree = "<group>"; };
/* End PBXFileReference section */

/* Begin PBXFrameworksBuildPhase section */
		C84FF12E2BF77663009695C3 /* Frameworks */ = {
			isa = PBXFrameworksBuildPhase;
			buildActionMask = 2147483647;
			files = (
			);
			runOnlyForDeploymentPostprocessing = 0;
		};
/* End PBXFrameworksBuildPhase section */

/* Begin PBXGroup section */
		C84FF1282BF77663009695C3 = {
			isa = PBXGroup;
			children = (
				C84FF1332BF77663009695C3 /* swiftFunctionsDemo */,
				C84FF1322BF77663009695C3 /* Products */,
			);
			sourceTree = "<group>";
		};
		C84FF1322BF77663009695C3 /* Products */ = {
			isa = PBXGroup;
			children = (
				C84FF1312BF77663009695C3 /* swiftFunctionsDemo.app */,
			);
			name = Products;
			sourceTree = "<group>";
		};
		C84FF1332BF77663009695C3 /* swiftFunctionsDemo */ = {
			isa = PBXGroup;
			children = (
				C8A2FFC32C245D8C00EA47F3 /* lifeViewController */,
				C8A2FFBA2C24459B00EA47F3 /* Protocol */,
				C8A322F42C1764D200CE3D28 /* animation */,
				C8A322E92C12146000CE3D28 /* PassDataBetweenViewController */,
				C84FF1482BF77671009695C3 /* ThreadSwift */,
				C84FF1342BF77663009695C3 /* AppDelegate.swift */,
				C84FF1362BF77663009695C3 /* SceneDelegate.swift */,
				C84FF13A2BF77663009695C3 /* Main.storyboard */,
				C84FF13D2BF77665009695C3 /* Assets.xcassets */,
				C84FF13F2BF77665009695C3 /* LaunchScreen.storyboard */,
				C84FF1422BF77665009695C3 /* Info.plist */,
			);
			path = swiftFunctionsDemo;
			sourceTree = "<group>";
		};
		C84FF1482BF77671009695C3 /* ThreadSwift */ = {
			isa = PBXGroup;
			children = (
				C84FF1382BF77663009695C3 /* ViewController.swift */,
			);
			path = ThreadSwift;
			sourceTree = "<group>";
		};
		C8A2FFBA2C24459B00EA47F3 /* Protocol */ = {
			isa = PBXGroup;
			children = (
				C8A2FFBD2C24462500EA47F3 /* ViewControllerProtocolBasic.swift */,
				C8A2FFBF2C2449C600EA47F3 /* protocolBasic.swift */,
			);
			path = Protocol;
			sourceTree = "<group>";
		};
		C8A2FFC32C245D8C00EA47F3 /* lifeViewController */ = {
			isa = PBXGroup;
			children = (
				C8A2FFC42C247DC200EA47F3 /* lifeApp.swift */,
			);
			path = lifeViewController;
			sourceTree = "<group>";
		};
		C8A322E92C12146000CE3D28 /* PassDataBetweenViewController */ = {
			isa = PBXGroup;
			children = (
				C8A322EA2C12149F00CE3D28 /* ViewControllerA.swift */,
				C8A322F02C1329DF00CE3D28 /* ViewControllerDelegate.swift */,
				C8A322EC2C1214AC00CE3D28 /* ViewControllerB.swift */,
				C8A322EE2C13282C00CE3D28 /* ViewControllerC.swift */,
				C8A322F22C171D0900CE3D28 /* File.swift */,
				C8A2FFC12C2452B800EA47F3 /* listObject.swift */,
			);
			path = PassDataBetweenViewController;
			sourceTree = "<group>";
		};
		C8A322F42C1764D200CE3D28 /* animation */ = {
			isa = PBXGroup;
			children = (
				C8A322F52C1764E300CE3D28 /* AnimatedButton.swift */,
				C8A322F72C1764F100CE3D28 /* AnimatedBackgroundView.swift */,
			);
			path = animation;
			sourceTree = "<group>";
		};
/* End PBXGroup section */

/* Begin PBXNativeTarget section */
		C84FF1302BF77663009695C3 /* swiftFunctionsDemo */ = {
			isa = PBXNativeTarget;
			buildConfigurationList = C84FF1452BF77665009695C3 /* Build configuration list for PBXNativeTarget "swiftFunctionsDemo" */;
			buildPhases = (
				C84FF12D2BF77663009695C3 /* Sources */,
				C84FF12E2BF77663009695C3 /* Frameworks */,
				C84FF12F2BF77663009695C3 /* Resources */,
			);
			buildRules = (
			);
			dependencies = (
			);
			name = swiftFunctionsDemo;
			productName = swiftFunctionsDemo;
			productReference = C84FF1312BF77663009695C3 /* swiftFunctionsDemo.app */;
			productType = "com.apple.product-type.application";
		};
/* End PBXNativeTarget section */

/* Begin PBXProject section */
		C84FF1292BF77663009695C3 /* Project object */ = {
			isa = PBXProject;
			attributes = {
				BuildIndependentTargetsInParallel = 1;
				LastSwiftUpdateCheck = 1420;
				LastUpgradeCheck = 1420;
				TargetAttributes = {
					C84FF1302BF77663009695C3 = {
						CreatedOnToolsVersion = 14.2;
					};
				};
			};
			buildConfigurationList = C84FF12C2BF77663009695C3 /* Build configuration list for PBXProject "swiftFunctionsDemo" */;
			compatibilityVersion = "Xcode 14.0";
			developmentRegion = en;
			hasScannedForEncodings = 0;
			knownRegions = (
				en,
				Base,
			);
			mainGroup = C84FF1282BF77663009695C3;
			productRefGroup = C84FF1322BF77663009695C3 /* Products */;
			projectDirPath = "";
			projectRoot = "";
			targets = (
				C84FF1302BF77663009695C3 /* swiftFunctionsDemo */,
			);
		};
/* End PBXProject section */

/* Begin PBXResourcesBuildPhase section */
		C84FF12F2BF77663009695C3 /* Resources */ = {
			isa = PBXResourcesBuildPhase;
			buildActionMask = 2147483647;
			files = (
				C84FF1412BF77665009695C3 /* LaunchScreen.storyboard in Resources */,
				C84FF13E2BF77665009695C3 /* Assets.xcassets in Resources */,
				C84FF13C2BF77663009695C3 /* Main.storyboard in Resources */,
			);
			runOnlyForDeploymentPostprocessing = 0;
		};
/* End PBXResourcesBuildPhase section */

/* Begin PBXSourcesBuildPhase section */
		C84FF12D2BF77663009695C3 /* Sources */ = {
			isa = PBXSourcesBuildPhase;
			buildActionMask = 2147483647;
			files = (
				C8A322EF2C13282C00CE3D28 /* ViewControllerC.swift in Sources */,
				C8A322EB2C12149F00CE3D28 /* ViewControllerA.swift in Sources */,
				C84FF1392BF77663009695C3 /* ViewController.swift in Sources */,
				C8A2FFBE2C24462500EA47F3 /* ViewControllerProtocolBasic.swift in Sources */,
				C8A322ED2C1214AC00CE3D28 /* ViewControllerB.swift in Sources */,
				C8A322F62C1764E300CE3D28 /* AnimatedButton.swift in Sources */,
				C8A322F12C1329DF00CE3D28 /* ViewControllerDelegate.swift in Sources */,
				C8A322F32C171D0900CE3D28 /* File.swift in Sources */,
				C84FF1352BF77663009695C3 /* AppDelegate.swift in Sources */,
				C8A2FFC52C247DC200EA47F3 /* lifeApp.swift in Sources */,
				C84FF1372BF77663009695C3 /* SceneDelegate.swift in Sources */,
				C8A2FFC02C2449C600EA47F3 /* protocolBasic.swift in Sources */,
				C8A2FFC22C2452B800EA47F3 /* listObject.swift in Sources */,
				C8A322F82C1764F100CE3D28 /* AnimatedBackgroundView.swift in Sources */,
			);
			runOnlyForDeploymentPostprocessing = 0;
		};
/* End PBXSourcesBuildPhase section */

/* Begin PBXVariantGroup section */
		C84FF13A2BF77663009695C3 /* Main.storyboard */ = {
			isa = PBXVariantGroup;
			children = (
				C84FF13B2BF77663009695C3 /* Base */,
			);
			name = Main.storyboard;
			sourceTree = "<group>";
		};
		C84FF13F2BF77665009695C3 /* LaunchScreen.storyboard */ = {
			isa = PBXVariantGroup;
			children = (
				C84FF1402BF77665009695C3 /* Base */,
			);
			name = LaunchScreen.storyboard;
			sourceTree = "<group>";
		};
/* End PBXVariantGroup section */

/* Begin XCBuildConfiguration section */
		C84FF1432BF77665009695C3 /* Debug */ = {
			isa = XCBuildConfiguration;
			buildSettings = {
				ALWAYS_SEARCH_USER_PATHS = NO;
				CLANG_ANALYZER_NONNULL = YES;
				CLANG_ANALYZER_NUMBER_OBJECT_CONVERSION = YES_AGGRESSIVE;
				CLANG_CXX_LANGUAGE_STANDARD = "gnu++20";
				CLANG_ENABLE_MODULES = YES;
				CLANG_ENABLE_OBJC_ARC = YES;
				CLANG_ENABLE_OBJC_WEAK = YES;
				CLANG_WARN_BLOCK_CAPTURE_AUTORELEASING = YES;
				CLANG_WARN_BOOL_CONVERSION = YES;
				CLANG_WARN_COMMA = YES;
				CLANG_WARN_CONSTANT_CONVERSION = YES;
				CLANG_WARN_DEPRECATED_OBJC_IMPLEMENTATIONS = YES;
				CLANG_WARN_DIRECT_OBJC_ISA_USAGE = YES_ERROR;
				CLANG_WARN_DOCUMENTATION_COMMENTS = YES;
				CLANG_WARN_EMPTY_BODY = YES;
				CLANG_WARN_ENUM_CONVERSION = YES;
				CLANG_WARN_INFINITE_RECURSION = YES;
				CLANG_WARN_INT_CONVERSION = YES;
				CLANG_WARN_NON_LITERAL_NULL_CONVERSION = YES;
				CLANG_WARN_OBJC_IMPLICIT_RETAIN_SELF = YES;
				CLANG_WARN_OBJC_LITERAL_CONVERSION = YES;
				CLANG_WARN_OBJC_ROOT_CLASS = YES_ERROR;
				CLANG_WARN_QUOTED_INCLUDE_IN_FRAMEWORK_HEADER = YES;
				CLANG_WARN_RANGE_LOOP_ANALYSIS = YES;
				CLANG_WARN_STRICT_PROTOTYPES = YES;
				CLANG_WARN_SUSPICIOUS_MOVE = YES;
				CLANG_WARN_UNGUARDED_AVAILABILITY = YES_AGGRESSIVE;
				CLANG_WARN_UNREACHABLE_CODE = YES;
				CLANG_WARN__DUPLICATE_METHOD_MATCH = YES;
				COPY_PHASE_STRIP = NO;
				DEBUG_INFORMATION_FORMAT = dwarf;
				ENABLE_STRICT_OBJC_MSGSEND = YES;
				ENABLE_TESTABILITY = YES;
				GCC_C_LANGUAGE_STANDARD = gnu11;
				GCC_DYNAMIC_NO_PIC = NO;
				GCC_NO_COMMON_BLOCKS = YES;
				GCC_OPTIMIZATION_LEVEL = 0;
				GCC_PREPROCESSOR_DEFINITIONS = (
					"DEBUG=1",
					"$(inherited)",
				);
				GCC_WARN_64_TO_32_BIT_CONVERSION = YES;
				GCC_WARN_ABOUT_RETURN_TYPE = YES_ERROR;
				GCC_WARN_UNDECLARED_SELECTOR = YES;
				GCC_WARN_UNINITIALIZED_AUTOS = YES_AGGRESSIVE;
				GCC_WARN_UNUSED_FUNCTION = YES;
				GCC_WARN_UNUSED_VARIABLE = YES;
				IPHONEOS_DEPLOYMENT_TARGET = 16.2;
				MTL_ENABLE_DEBUG_INFO = INCLUDE_SOURCE;
				MTL_FAST_MATH = YES;
				ONLY_ACTIVE_ARCH = YES;
				SDKROOT = iphoneos;
				SWIFT_ACTIVE_COMPILATION_CONDITIONS = DEBUG;
				SWIFT_OPTIMIZATION_LEVEL = "-Onone";
			};
			name = Debug;
		};
		C84FF1442BF77665009695C3 /* Release */ = {
			isa = XCBuildConfiguration;
			buildSettings = {
				ALWAYS_SEARCH_USER_PATHS = NO;
				CLANG_ANALYZER_NONNULL = YES;
				CLANG_ANALYZER_NUMBER_OBJECT_CONVERSION = YES_AGGRESSIVE;
				CLANG_CXX_LANGUAGE_STANDARD = "gnu++20";
				CLANG_ENABLE_MODULES = YES;
				CLANG_ENABLE_OBJC_ARC = YES;
				CLANG_ENABLE_OBJC_WEAK = YES;
				CLANG_WARN_BLOCK_CAPTURE_AUTORELEASING = YES;
				CLANG_WARN_BOOL_CONVERSION = YES;
				CLANG_WARN_COMMA = YES;
				CLANG_WARN_CONSTANT_CONVERSION = YES;
				CLANG_WARN_DEPRECATED_OBJC_IMPLEMENTATIONS = YES;
				CLANG_WARN_DIRECT_OBJC_ISA_USAGE = YES_ERROR;
				CLANG_WARN_DOCUMENTATION_COMMENTS = YES;
				CLANG_WARN_EMPTY_BODY = YES;
				CLANG_WARN_ENUM_CONVERSION = YES;
				CLANG_WARN_INFINITE_RECURSION = YES;
				CLANG_WARN_INT_CONVERSION = YES;
				CLANG_WARN_NON_LITERAL_NULL_CONVERSION = YES;
				CLANG_WARN_OBJC_IMPLICIT_RETAIN_SELF = YES;
				CLANG_WARN_OBJC_LITERAL_CONVERSION = YES;
				CLANG_WARN_OBJC_ROOT_CLASS = YES_ERROR;
				CLANG_WARN_QUOTED_INCLUDE_IN_FRAMEWORK_HEADER = YES;
				CLANG_WARN_RANGE_LOOP_ANALYSIS = YES;
				CLANG_WARN_STRICT_PROTOTYPES = YES;
				CLANG_WARN_SUSPICIOUS_MOVE = YES;
				CLANG_WARN_UNGUARDED_AVAILABILITY = YES_AGGRESSIVE;
				CLANG_WARN_UNREACHABLE_CODE = YES;
				CLANG_WARN__DUPLICATE_METHOD_MATCH = YES;
				COPY_PHASE_STRIP = NO;
				DEBUG_INFORMATION_FORMAT = "dwarf-with-dsym";
				ENABLE_NS_ASSERTIONS = NO;
				ENABLE_STRICT_OBJC_MSGSEND = YES;
				GCC_C_LANGUAGE_STANDARD = gnu11;
				GCC_NO_COMMON_BLOCKS = YES;
				GCC_WARN_64_TO_32_BIT_CONVERSION = YES;
				GCC_WARN_ABOUT_RETURN_TYPE = YES_ERROR;
				GCC_WARN_UNDECLARED_SELECTOR = YES;
				GCC_WARN_UNINITIALIZED_AUTOS = YES_AGGRESSIVE;
				GCC_WARN_UNUSED_FUNCTION = YES;
				GCC_WARN_UNUSED_VARIABLE = YES;
				IPHONEOS_DEPLOYMENT_TARGET = 16.2;
				MTL_ENABLE_DEBUG_INFO = NO;
				MTL_FAST_MATH = YES;
				SDKROOT = iphoneos;
				SWIFT_COMPILATION_MODE = wholemodule;
				SWIFT_OPTIMIZATION_LEVEL = "-O";
				VALIDATE_PRODUCT = YES;
			};
			name = Release;
		};
		C84FF1462BF77665009695C3 /* Debug */ = {
			isa = XCBuildConfiguration;
			buildSettings = {
				ASSETCATALOG_COMPILER_APPICON_NAME = AppIcon;
				ASSETCATALOG_COMPILER_GLOBAL_ACCENT_COLOR_NAME = AccentColor;
				CODE_SIGN_STYLE = Automatic;
				CURRENT_PROJECT_VERSION = 1;
				GENERATE_INFOPLIST_FILE = YES;
				INFOPLIST_FILE = swiftFunctionsDemo/Info.plist;
				INFOPLIST_KEY_UIApplicationSupportsIndirectInputEvents = YES;
				INFOPLIST_KEY_UILaunchStoryboardName = LaunchScreen;
				INFOPLIST_KEY_UIMainStoryboardFile = Main;
				INFOPLIST_KEY_UISupportedInterfaceOrientations_iPad = "UIInterfaceOrientationPortrait UIInterfaceOrientationPortraitUpsideDown UIInterfaceOrientationLandscapeLeft UIInterfaceOrientationLandscapeRight";
				INFOPLIST_KEY_UISupportedInterfaceOrientations_iPhone = "UIInterfaceOrientationPortrait UIInterfaceOrientationLandscapeLeft UIInterfaceOrientationLandscapeRight";
				LD_RUNPATH_SEARCH_PATHS = (
					"$(inherited)",
					"@executable_path/Frameworks",
				);
				MARKETING_VERSION = 1.0;
				PRODUCT_BUNDLE_IDENTIFIER = GST.swiftFunctionsDemo;
				PRODUCT_NAME = "$(TARGET_NAME)";
				SWIFT_EMIT_LOC_STRINGS = YES;
				SWIFT_VERSION = 5.0;
				TARGETED_DEVICE_FAMILY = "1,2";
			};
			name = Debug;
		};
		C84FF1472BF77665009695C3 /* Release */ = {
			isa = XCBuildConfiguration;
			buildSettings = {
				ASSETCATALOG_COMPILER_APPICON_NAME = AppIcon;
				ASSETCATALOG_COMPILER_GLOBAL_ACCENT_COLOR_NAME = AccentColor;
				CODE_SIGN_STYLE = Automatic;
				CURRENT_PROJECT_VERSION = 1;
				GENERATE_INFOPLIST_FILE = YES;
				INFOPLIST_FILE = swiftFunctionsDemo/Info.plist;
				INFOPLIST_KEY_UIApplicationSupportsIndirectInputEvents = YES;
				INFOPLIST_KEY_UILaunchStoryboardName = LaunchScreen;
				INFOPLIST_KEY_UIMainStoryboardFile = Main;
				INFOPLIST_KEY_UISupportedInterfaceOrientations_iPad = "UIInterfaceOrientationPortrait UIInterfaceOrientationPortraitUpsideDown UIInterfaceOrientationLandscapeLeft UIInterfaceOrientationLandscapeRight";
				INFOPLIST_KEY_UISupportedInterfaceOrientations_iPhone = "UIInterfaceOrientationPortrait UIInterfaceOrientationLandscapeLeft UIInterfaceOrientationLandscapeRight";
				LD_RUNPATH_SEARCH_PATHS = (
					"$(inherited)",
					"@executable_path/Frameworks",
				);
				MARKETING_VERSION = 1.0;
				PRODUCT_BUNDLE_IDENTIFIER = GST.swiftFunctionsDemo;
				PRODUCT_NAME = "$(TARGET_NAME)";
				SWIFT_EMIT_LOC_STRINGS = YES;
				SWIFT_VERSION = 5.0;
				TARGETED_DEVICE_FAMILY = "1,2";
			};
			name = Release;
		};
/* End XCBuildConfiguration section */

/* Begin XCConfigurationList section */
		C84FF12C2BF77663009695C3 /* Build configuration list for PBXProject "swiftFunctionsDemo" */ = {
			isa = XCConfigurationList;
			buildConfigurations = (
				C84FF1432BF77665009695C3 /* Debug */,
				C84FF1442BF77665009695C3 /* Release */,
			);
			defaultConfigurationIsVisible = 0;
			defaultConfigurationName = Release;
		};
		C84FF1452BF77665009695C3 /* Build configuration list for PBXNativeTarget "swiftFunctionsDemo" */ = {
			isa = XCConfigurationList;
			buildConfigurations = (
				C84FF1462BF77665009695C3 /* Debug */,
				C84FF1472BF77665009695C3 /* Release */,
			);
			defaultConfigurationIsVisible = 0;
			defaultConfigurationName = Release;
		};
/* End XCConfigurationList section */
	};
	rootObject = C84FF1292BF77663009695C3 /* Project object */;
}
